
Microsoft Visual Studio Solution File, Format Version 12.00
Project("{FAE04EC0-301F-11D3-BF4B-00C04F79EFBC}") = "MyHashSet", "MyHashSet\MyHashSet.csproj", "{7DBA9BCE-F14A-4607-8238-1486D461CD7B}"
EndProject
Project("{FAE04EC0-301F-11D3-BF4B-00C04F79EFBC}") = "MyHashSetTests", "MyHashSetTests\MyHashSetTests.csproj", "{9BF0FE46-9DBD-4E47-B657-741EA31340A6}"
EndProject
Global
	GlobalSection(SolutionConfigurationPlatforms) = preSolution
		Debug|Any CPU = Debug|Any CPU
		Release|Any CPU = Release|Any CPU
	EndGlobalSection
	GlobalSection(ProjectConfigurationPlatforms) = postSolution
		{7DBA9BCE-F14A-4607-8238-1486D461CD7B}.Debug|Any CPU.ActiveCfg = Debug|Any CPU
		{7DBA9BCE-F14A-4607-8238-1486D461CD7B}.Debug|Any CPU.Build.0 = Debug|Any CPU
		{7DBA9BCE-F14A-4607-8238-1486D461CD7B}.Release|Any CPU.ActiveCfg = Release|Any CPU
		{7DBA9BCE-F14A-4607-8238-1486D461CD7B}.Release|Any CPU.Build.0 = Release|Any CPU
		{9BF0FE46-9DBD-4E47-B657-741EA31340A6}.Debug|Any CPU.ActiveCfg = Debug|Any CPU
		{9BF0FE46-9DBD-4E47-B657-741EA31340A6}.Debug|Any CPU.Build.0 = Debug|Any CPU
		{9BF0FE46-9DBD-4E47-B657-741EA31340A6}.Release|Any CPU.ActiveCfg = Release|Any CPU
		{9BF0FE46-9DBD-4E47-B657-741EA31340A6}.Release|Any CPU.Build.0 = Release|Any CPU
	EndGlobalSection
EndGlobal
